// !$*UTF8*$!
{
	archiveVersion = 1;
	classes = {
	};
	objectVersion = 55;
	objects = {

/* Begin PBXBuildFile section */
		3F3E40767E181367EE627673 /* Pods_Prinics.framework in Frameworks */ = {isa = PBXBuildFile; fileRef = 163BAD10B40FC0852200201B /* Pods_Prinics.framework */; };
		CB6ECEA127F9283900890BB6 /* AppDelegate.swift in Sources */ = {isa = PBXBuildFile; fileRef = CB6ECEA027F9283900890BB6 /* AppDelegate.swift */; };
		CB6ECEA527F9283900890BB6 /* MainViewController.swift in Sources */ = {isa = PBXBuildFile; fileRef = CB6ECEA427F9283900890BB6 /* MainViewController.swift */; };
		CB6ECEA827F9283900890BB6 /* Main.storyboard in Resources */ = {isa = PBXBuildFile; fileRef = CB6ECEA627F9283900890BB6 /* Main.storyboard */; };
		CB6ECEAA27F9283B00890BB6 /* Assets.xcassets in Resources */ = {isa = PBXBuildFile; fileRef = CB6ECEA927F9283B00890BB6 /* Assets.xcassets */; };
		CB6ECEAD27F9283B00890BB6 /* LaunchScreen.storyboard in Resources */ = {isa = PBXBuildFile; fileRef = CB6ECEAB27F9283B00890BB6 /* LaunchScreen.storyboard */; };
		CB6ECEB527F9311400890BB6 /* PrinterStatusViewController.swift in Sources */ = {isa = PBXBuildFile; fileRef = CB6ECEB427F9311400890BB6 /* PrinterStatusViewController.swift */; };
		CB9536692826035300B8F39F /* PrinterConnectionManager.swift in Sources */ = {isa = PBXBuildFile; fileRef = CB9536682826035300B8F39F /* PrinterConnectionManager.swift */; };
		CB95366C282605CF00B8F39F /* NetworkExtension.framework in Frameworks */ = {isa = PBXBuildFile; fileRef = CB95366B282605CF00B8F39F /* NetworkExtension.framework */; };
		CB9536702827294E00B8F39F /* PrintPreviewViewController.swift in Sources */ = {isa = PBXBuildFile; fileRef = CB95366F2827294E00B8F39F /* PrintPreviewViewController.swift */; };
		CB953674282BC58C00B8F39F /* PrintViewController.swift in Sources */ = {isa = PBXBuildFile; fileRef = CB953673282BC58C00B8F39F /* PrintViewController.swift */; };
		CBEE3F742C7E090B001AA858 /* PrintManager.swift in Sources */ = {isa = PBXBuildFile; fileRef = CBEE3F722C7E090B001AA858 /* PrintManager.swift */; };
		CBEE3F752C7E090B001AA858 /* PrinterCommunicationManager.swift in Sources */ = {isa = PBXBuildFile; fileRef = CBEE3F732C7E090B001AA858 /* PrinterCommunicationManager.swift */; };
/* End PBXBuildFile section */

/* Begin PBXFileReference section */
		163BAD10B40FC0852200201B /* Pods_Prinics.framework */ = {isa = PBXFileReference; explicitFileType = wrapper.framework; includeInIndex = 0; path = Pods_Prinics.framework; sourceTree = BUILT_PRODUCTS_DIR; };
		33518F6FDE2D771A0292F0D3 /* Pods-Prinics.release.xcconfig */ = {isa = PBXFileReference; includeInIndex = 1; lastKnownFileType = text.xcconfig; name = "Pods-Prinics.release.xcconfig"; path = "Target Support Files/Pods-Prinics/Pods-Prinics.release.xcconfig"; sourceTree = "<group>"; };
		CB6ECE9D27F9283800890BB6 /* Prinics.app */ = {isa = PBXFileReference; explicitFileType = wrapper.application; includeInIndex = 0; path = Prinics.app; sourceTree = BUILT_PRODUCTS_DIR; };
		CB6ECEA027F9283900890BB6 /* AppDelegate.swift */ = {isa = PBXFileReference; lastKnownFileType = sourcecode.swift; path = AppDelegate.swift; sourceTree = "<group>"; };
		CB6ECEA427F9283900890BB6 /* MainViewController.swift */ = {isa = PBXFileReference; lastKnownFileType = sourcecode.swift; path = MainViewController.swift; sourceTree = "<group>"; };
		CB6ECEA727F9283900890BB6 /* Base */ = {isa = PBXFileReference; lastKnownFileType = file.storyboard; name = Base; path = Base.lproj/Main.storyboard; sourceTree = "<group>"; };
		CB6ECEA927F9283B00890BB6 /* Assets.xcassets */ = {isa = PBXFileReference; lastKnownFileType = folder.assetcatalog; path = Assets.xcassets; sourceTree = "<group>"; };
		CB6ECEAC27F9283B00890BB6 /* Base */ = {isa = PBXFileReference; lastKnownFileType = file.storyboard; name = Base; path = Base.lproj/LaunchScreen.storyboard; sourceTree = "<group>"; };
		CB6ECEAE27F9283B00890BB6 /* Info.plist */ = {isa = PBXFileReference; lastKnownFileType = text.plist.xml; path = Info.plist; sourceTree = "<group>"; };
		CB6ECEB427F9311400890BB6 /* PrinterStatusViewController.swift */ = {isa = PBXFileReference; lastKnownFileType = sourcecode.swift; path = PrinterStatusViewController.swift; sourceTree = "<group>"; };
		CB9536672825BE1F00B8F39F /* Prinics.entitlements */ = {isa = PBXFileReference; lastKnownFileType = text.plist.entitlements; path = Prinics.entitlements; sourceTree = "<group>"; };
		CB9536682826035300B8F39F /* PrinterConnectionManager.swift */ = {isa = PBXFileReference; lastKnownFileType = sourcecode.swift; path = PrinterConnectionManager.swift; sourceTree = "<group>"; };
		CB95366B282605CF00B8F39F /* NetworkExtension.framework */ = {isa = PBXFileReference; lastKnownFileType = wrapper.framework; name = NetworkExtension.framework; path = System/Library/Frameworks/NetworkExtension.framework; sourceTree = SDKROOT; };
		CB95366F2827294E00B8F39F /* PrintPreviewViewController.swift */ = {isa = PBXFileReference; lastKnownFileType = sourcecode.swift; path = PrintPreviewViewController.swift; sourceTree = "<group>"; };
		CB953673282BC58C00B8F39F /* PrintViewController.swift */ = {isa = PBXFileReference; lastKnownFileType = sourcecode.swift; path = PrintViewController.swift; sourceTree = "<group>"; };
		CBEE3F722C7E090B001AA858 /* PrintManager.swift */ = {isa = PBXFileReference; fileEncoding = 4; lastKnownFileType = sourcecode.swift; path = PrintManager.swift; sourceTree = "<group>"; };
		CBEE3F732C7E090B001AA858 /* PrinterCommunicationManager.swift */ = {isa = PBXFileReference; fileEncoding = 4; lastKnownFileType = sourcecode.swift; path = PrinterCommunicationManager.swift; sourceTree = "<group>"; };
		F958FCB169FE5E6E4912CCD2 /* Pods-Prinics.debug.xcconfig */ = {isa = PBXFileReference; includeInIndex = 1; lastKnownFileType = text.xcconfig; name = "Pods-Prinics.debug.xcconfig"; path = "Target Support Files/Pods-Prinics/Pods-Prinics.debug.xcconfig"; sourceTree = "<group>"; };
/* End PBXFileReference section */

/* Begin PBXFrameworksBuildPhase section */
		CB6ECE9A27F9283800890BB6 /* Frameworks */ = {
			isa = PBXFrameworksBuildPhase;
			buildActionMask = 2147483647;
			files = (
				CB95366C282605CF00B8F39F /* NetworkExtension.framework in Frameworks */,
				3F3E40767E181367EE627673 /* Pods_Prinics.framework in Frameworks */,
			);
			runOnlyForDeploymentPostprocessing = 0;
		};
/* End PBXFrameworksBuildPhase section */

/* Begin PBXGroup section */
		4012E2ECB822202AF56599B0 /* Pods */ = {
			isa = PBXGroup;
			children = (
				F958FCB169FE5E6E4912CCD2 /* Pods-Prinics.debug.xcconfig */,
				33518F6FDE2D771A0292F0D3 /* Pods-Prinics.release.xcconfig */,
			);
			path = Pods;
			sourceTree = "<group>";
		};
		CB6ECE9427F9283800890BB6 = {
			isa = PBXGroup;
			children = (
				CB6ECE9F27F9283800890BB6 /* Prinics */,
				CB6ECE9E27F9283800890BB6 /* Products */,
				CB95366A282605CF00B8F39F /* Frameworks */,
				4012E2ECB822202AF56599B0 /* Pods */,
			);
			sourceTree = "<group>";
		};
		CB6ECE9E27F9283800890BB6 /* Products */ = {
			isa = PBXGroup;
			children = (
				CB6ECE9D27F9283800890BB6 /* Prinics.app */,
			);
			name = Products;
			sourceTree = "<group>";
		};
		CB6ECE9F27F9283800890BB6 /* Prinics */ = {
			isa = PBXGroup;
			children = (
				CB9536672825BE1F00B8F39F /* Prinics.entitlements */,
				CB6ECEA027F9283900890BB6 /* AppDelegate.swift */,
				CB6ECEA427F9283900890BB6 /* MainViewController.swift */,
				CB6ECEB427F9311400890BB6 /* PrinterStatusViewController.swift */,
				CB95366F2827294E00B8F39F /* PrintPreviewViewController.swift */,
				CB953673282BC58C00B8F39F /* PrintViewController.swift */,
				CB9536682826035300B8F39F /* PrinterConnectionManager.swift */,
				CBEE3F732C7E090B001AA858 /* PrinterCommunicationManager.swift */,
				CBEE3F722C7E090B001AA858 /* PrintManager.swift */,
				CB6ECEA627F9283900890BB6 /* Main.storyboard */,
				CB6ECEA927F9283B00890BB6 /* Assets.xcassets */,
				CB6ECEAB27F9283B00890BB6 /* LaunchScreen.storyboard */,
				CB6ECEAE27F9283B00890BB6 /* Info.plist */,
			);
			path = Prinics;
			sourceTree = "<group>";
		};
		CB95366A282605CF00B8F39F /* Frameworks */ = {
			isa = PBXGroup;
			children = (
				CB95366B282605CF00B8F39F /* NetworkExtension.framework */,
				163BAD10B40FC0852200201B /* Pods_Prinics.framework */,
			);
			name = Frameworks;
			sourceTree = "<group>";
		};
/* End PBXGroup section */

/* Begin PBXNativeTarget section */
		CB6ECE9C27F9283800890BB6 /* Prinics */ = {
			isa = PBXNativeTarget;
			buildConfigurationList = CB6ECEB127F9283B00890BB6 /* Build configuration list for PBXNativeTarget "Prinics" */;
			buildPhases = (
				B7F27AA1EC1ADB6E06D77A94 /* [CP] Check Pods Manifest.lock */,
				CB6ECE9927F9283800890BB6 /* Sources */,
				CB6ECE9A27F9283800890BB6 /* Frameworks */,
				CB6ECE9B27F9283800890BB6 /* Resources */,
				A2E6EAF96787FF04491D3577 /* [CP] Embed Pods Frameworks */,
			);
			buildRules = (
			);
			dependencies = (
			);
			name = Prinics;
			productName = Prinics;
			productReference = CB6ECE9D27F9283800890BB6 /* Prinics.app */;
			productType = "com.apple.product-type.application";
		};
/* End PBXNativeTarget section */

/* Begin PBXProject section */
		CB6ECE9527F9283800890BB6 /* Project object */ = {
			isa = PBXProject;
			attributes = {
				BuildIndependentTargetsInParallel = 1;
				LastSwiftUpdateCheck = 1330;
				LastUpgradeCheck = 1330;
				TargetAttributes = {
					CB6ECE9C27F9283800890BB6 = {
						CreatedOnToolsVersion = 13.3;
					};
				};
			};
			buildConfigurationList = CB6ECE9827F9283800890BB6 /* Build configuration list for PBXProject "Prinics" */;
			compatibilityVersion = "Xcode 13.0";
			developmentRegion = en;
			hasScannedForEncodings = 0;
			knownRegions = (
				en,
				Base,
			);
			mainGroup = CB6ECE9427F9283800890BB6;
			productRefGroup = CB6ECE9E27F9283800890BB6 /* Products */;
			projectDirPath = "";
			projectRoot = "";
			targets = (
				CB6ECE9C27F9283800890BB6 /* Prinics */,
			);
		};
/* End PBXProject section */

/* Begin PBXResourcesBuildPhase section */
		CB6ECE9B27F9283800890BB6 /* Resources */ = {
			isa = PBXResourcesBuildPhase;
			buildActionMask = 2147483647;
			files = (
				CB6ECEAD27F9283B00890BB6 /* LaunchScreen.storyboard in Resources */,
				CB6ECEAA27F9283B00890BB6 /* Assets.xcassets in Resources */,
				CB6ECEA827F9283900890BB6 /* Main.storyboard in Resources */,
			);
			runOnlyForDeploymentPostprocessing = 0;
		};
/* End PBXResourcesBuildPhase section */

/* Begin PBXShellScriptBuildPhase section */
		A2E6EAF96787FF04491D3577 /* [CP] Embed Pods Frameworks */ = {
			isa = PBXShellScriptBuildPhase;
			buildActionMask = 2147483647;
			files = (
			);
			inputFileListPaths = (
				"${PODS_ROOT}/Target Support Files/Pods-Prinics/Pods-Prinics-frameworks-${CONFIGURATION}-input-files.xcfilelist",
			);
			name = "[CP] Embed Pods Frameworks";
			outputFileListPaths = (
				"${PODS_ROOT}/Target Support Files/Pods-Prinics/Pods-Prinics-frameworks-${CONFIGURATION}-output-files.xcfilelist",
			);
			runOnlyForDeploymentPostprocessing = 0;
			shellPath = /bin/sh;
			shellScript = "\"${PODS_ROOT}/Target Support Files/Pods-Prinics/Pods-Prinics-frameworks.sh\"\n";
			showEnvVarsInLog = 0;
		};
		B7F27AA1EC1ADB6E06D77A94 /* [CP] Check Pods Manifest.lock */ = {
			isa = PBXShellScriptBuildPhase;
			buildActionMask = 2147483647;
			files = (
			);
			inputFileListPaths = (
			);
			inputPaths = (
				"${PODS_PODFILE_DIR_PATH}/Podfile.lock",
				"${PODS_ROOT}/Manifest.lock",
			);
			name = "[CP] Check Pods Manifest.lock";
			outputFileListPaths = (
			);
			outputPaths = (
				"$(DERIVED_FILE_DIR)/Pods-Prinics-checkManifestLockResult.txt",
			);
			runOnlyForDeploymentPostprocessing = 0;
			shellPath = /bin/sh;
			shellScript = "diff \"${PODS_PODFILE_DIR_PATH}/Podfile.lock\" \"${PODS_ROOT}/Manifest.lock\" > /dev/null\nif [ $? != 0 ] ; then\n    # print error to STDERR\n    echo \"error: The sandbox is not in sync with the Podfile.lock. Run 'pod install' or update your CocoaPods installation.\" >&2\n    exit 1\nfi\n# This output is used by Xcode 'outputs' to avoid re-running this script phase.\necho \"SUCCESS\" > \"${SCRIPT_OUTPUT_FILE_0}\"\n";
			showEnvVarsInLog = 0;
		};
/* End PBXShellScriptBuildPhase section */

/* Begin PBXSourcesBuildPhase section */
		CB6ECE9927F9283800890BB6 /* Sources */ = {
			isa = PBXSourcesBuildPhase;
			buildActionMask = 2147483647;
			files = (
				CB6ECEA527F9283900890BB6 /* MainViewController.swift in Sources */,
				CB6ECEA127F9283900890BB6 /* AppDelegate.swift in Sources */,
				CB953674282BC58C00B8F39F /* PrintViewController.swift in Sources */,
				CB9536702827294E00B8F39F /* PrintPreviewViewController.swift in Sources */,
				CB9536692826035300B8F39F /* PrinterConnectionManager.swift in Sources */,
				CBEE3F752C7E090B001AA858 /* PrinterCommunicationManager.swift in Sources */,
				CB6ECEB527F9311400890BB6 /* PrinterStatusViewController.swift in Sources */,
				CBEE3F742C7E090B001AA858 /* PrintManager.swift in Sources */,
			);
			runOnlyForDeploymentPostprocessing = 0;
		};
/* End PBXSourcesBuildPhase section */

/* Begin PBXVariantGroup section */
		CB6ECEA627F9283900890BB6 /* Main.storyboard */ = {
			isa = PBXVariantGroup;
			children = (
				CB6ECEA727F9283900890BB6 /* Base */,
			);
			name = Main.storyboard;
			sourceTree = "<group>";
		};
		CB6ECEAB27F9283B00890BB6 /* LaunchScreen.storyboard */ = {
			isa = PBXVariantGroup;
			children = (
				CB6ECEAC27F9283B00890BB6 /* Base */,
			);
			name = LaunchScreen.storyboard;
			sourceTree = "<group>";
		};
/* End PBXVariantGroup section */

/* Begin XCBuildConfiguration section */
		CB6ECEAF27F9283B00890BB6 /* Debug */ = {
			isa = XCBuildConfiguration;
			buildSettings = {
				ALWAYS_SEARCH_USER_PATHS = NO;
				CLANG_ANALYZER_NONNULL = YES;
				CLANG_ANALYZER_NUMBER_OBJECT_CONVERSION = YES_AGGRESSIVE;
				CLANG_CXX_LANGUAGE_STANDARD = "gnu++17";
				CLANG_ENABLE_MODULES = YES;
				CLANG_ENABLE_OBJC_ARC = YES;
				CLANG_ENABLE_OBJC_WEAK = YES;
				CLANG_WARN_BLOCK_CAPTURE_AUTORELEASING = YES;
				CLANG_WARN_BOOL_CONVERSION = YES;
				CLANG_WARN_COMMA = YES;
				CLANG_WARN_CONSTANT_CONVERSION = YES;
				CLANG_WARN_DEPRECATED_OBJC_IMPLEMENTATIONS = YES;
				CLANG_WARN_DIRECT_OBJC_ISA_USAGE = YES_ERROR;
				CLANG_WARN_DOCUMENTATION_COMMENTS = YES;
				CLANG_WARN_EMPTY_BODY = YES;
				CLANG_WARN_ENUM_CONVERSION = YES;
				CLANG_WARN_INFINITE_RECURSION = YES;
				CLANG_WARN_INT_CONVERSION = YES;
				CLANG_WARN_NON_LITERAL_NULL_CONVERSION = YES;
				CLANG_WARN_OBJC_IMPLICIT_RETAIN_SELF = YES;
				CLANG_WARN_OBJC_LITERAL_CONVERSION = YES;
				CLANG_WARN_OBJC_ROOT_CLASS = YES_ERROR;
				CLANG_WARN_QUOTED_INCLUDE_IN_FRAMEWORK_HEADER = YES;
				CLANG_WARN_RANGE_LOOP_ANALYSIS = YES;
				CLANG_WARN_STRICT_PROTOTYPES = YES;
				CLANG_WARN_SUSPICIOUS_MOVE = YES;
				CLANG_WARN_UNGUARDED_AVAILABILITY = YES_AGGRESSIVE;
				CLANG_WARN_UNREACHABLE_CODE = YES;
				CLANG_WARN__DUPLICATE_METHOD_MATCH = YES;
				COPY_PHASE_STRIP = NO;
				DEBUG_INFORMATION_FORMAT = dwarf;
				ENABLE_STRICT_OBJC_MSGSEND = YES;
				ENABLE_TESTABILITY = YES;
				GCC_C_LANGUAGE_STANDARD = gnu11;
				GCC_DYNAMIC_NO_PIC = NO;
				GCC_NO_COMMON_BLOCKS = YES;
				GCC_OPTIMIZATION_LEVEL = 0;
				GCC_PREPROCESSOR_DEFINITIONS = (
					"DEBUG=1",
					"$(inherited)",
				);
				GCC_WARN_64_TO_32_BIT_CONVERSION = YES;
				GCC_WARN_ABOUT_RETURN_TYPE = YES_ERROR;
				GCC_WARN_UNDECLARED_SELECTOR = YES;
				GCC_WARN_UNINITIALIZED_AUTOS = YES_AGGRESSIVE;
				GCC_WARN_UNUSED_FUNCTION = YES;
				GCC_WARN_UNUSED_VARIABLE = YES;
				IPHONEOS_DEPLOYMENT_TARGET = 15.4;
				MTL_ENABLE_DEBUG_INFO = INCLUDE_SOURCE;
				MTL_FAST_MATH = YES;
				ONLY_ACTIVE_ARCH = YES;
				SDKROOT = iphoneos;
				SWIFT_ACTIVE_COMPILATION_CONDITIONS = DEBUG;
				SWIFT_OPTIMIZATION_LEVEL = "-Onone";
			};
			name = Debug;
		};
		CB6ECEB027F9283B00890BB6 /* Release */ = {
			isa = XCBuildConfiguration;
			buildSettings = {
				ALWAYS_SEARCH_USER_PATHS = NO;
				CLANG_ANALYZER_NONNULL = YES;
				CLANG_ANALYZER_NUMBER_OBJECT_CONVERSION = YES_AGGRESSIVE;
				CLANG_CXX_LANGUAGE_STANDARD = "gnu++17";
				CLANG_ENABLE_MODULES = YES;
				CLANG_ENABLE_OBJC_ARC = YES;
				CLANG_ENABLE_OBJC_WEAK = YES;
				CLANG_WARN_BLOCK_CAPTURE_AUTORELEASING = YES;
				CLANG_WARN_BOOL_CONVERSION = YES;
				CLANG_WARN_COMMA = YES;
				CLANG_WARN_CONSTANT_CONVERSION = YES;
				CLANG_WARN_DEPRECATED_OBJC_IMPLEMENTATIONS = YES;
				CLANG_WARN_DIRECT_OBJC_ISA_USAGE = YES_ERROR;
				CLANG_WARN_DOCUMENTATION_COMMENTS = YES;
				CLANG_WARN_EMPTY_BODY = YES;
				CLANG_WARN_ENUM_CONVERSION = YES;
				CLANG_WARN_INFINITE_RECURSION = YES;
				CLANG_WARN_INT_CONVERSION = YES;
				CLANG_WARN_NON_LITERAL_NULL_CONVERSION = YES;
				CLANG_WARN_OBJC_IMPLICIT_RETAIN_SELF = YES;
				CLANG_WARN_OBJC_LITERAL_CONVERSION = YES;
				CLANG_WARN_OBJC_ROOT_CLASS = YES_ERROR;
				CLANG_WARN_QUOTED_INCLUDE_IN_FRAMEWORK_HEADER = YES;
				CLANG_WARN_RANGE_LOOP_ANALYSIS = YES;
				CLANG_WARN_STRICT_PROTOTYPES = YES;
				CLANG_WARN_SUSPICIOUS_MOVE = YES;
				CLANG_WARN_UNGUARDED_AVAILABILITY = YES_AGGRESSIVE;
				CLANG_WARN_UNREACHABLE_CODE = YES;
				CLANG_WARN__DUPLICATE_METHOD_MATCH = YES;
				COPY_PHASE_STRIP = NO;
				DEBUG_INFORMATION_FORMAT = "dwarf-with-dsym";
				ENABLE_NS_ASSERTIONS = NO;
				ENABLE_STRICT_OBJC_MSGSEND = YES;
				GCC_C_LANGUAGE_STANDARD = gnu11;
				GCC_NO_COMMON_BLOCKS = YES;
				GCC_WARN_64_TO_32_BIT_CONVERSION = YES;
				GCC_WARN_ABOUT_RETURN_TYPE = YES_ERROR;
				GCC_WARN_UNDECLARED_SELECTOR = YES;
				GCC_WARN_UNINITIALIZED_AUTOS = YES_AGGRESSIVE;
				GCC_WARN_UNUSED_FUNCTION = YES;
				GCC_WARN_UNUSED_VARIABLE = YES;
				IPHONEOS_DEPLOYMENT_TARGET = 15.4;
				MTL_ENABLE_DEBUG_INFO = NO;
				MTL_FAST_MATH = YES;
				SDKROOT = iphoneos;
				SWIFT_COMPILATION_MODE = wholemodule;
				SWIFT_OPTIMIZATION_LEVEL = "-O";
				VALIDATE_PRODUCT = YES;
			};
			name = Release;
		};
		CB6ECEB227F9283B00890BB6 /* Debug */ = {
			isa = XCBuildConfiguration;
			baseConfigurationReference = F958FCB169FE5E6E4912CCD2 /* Pods-Prinics.debug.xcconfig */;
			buildSettings = {
				ASSETCATALOG_COMPILER_APPICON_NAME = AppIcon;
				ASSETCATALOG_COMPILER_GLOBAL_ACCENT_COLOR_NAME = AccentColor;
				CODE_SIGN_ENTITLEMENTS = Prinics/Prinics.entitlements;
				CODE_SIGN_STYLE = Automatic;
				CURRENT_PROJECT_VERSION = 1;
				DEVELOPMENT_TEAM = 8R7ZBDYA84;
				GENERATE_INFOPLIST_FILE = YES;
				INFOPLIST_FILE = Prinics/Info.plist;
				INFOPLIST_KEY_UIApplicationSupportsIndirectInputEvents = YES;
				INFOPLIST_KEY_UILaunchStoryboardName = LaunchScreen;
				INFOPLIST_KEY_UIMainStoryboardFile = Main;
				INFOPLIST_KEY_UISupportedInterfaceOrientations = UIInterfaceOrientationPortrait;
				INFOPLIST_KEY_UISupportedInterfaceOrientations_iPad = "UIInterfaceOrientationPortrait UIInterfaceOrientationPortraitUpsideDown UIInterfaceOrientationLandscapeLeft UIInterfaceOrientationLandscapeRight";
				INFOPLIST_KEY_UISupportedInterfaceOrientations_iPhone = UIInterfaceOrientationPortrait;
				LD_RUNPATH_SEARCH_PATHS = (
					"$(inherited)",
					"@executable_path/Frameworks",
				);
				MARKETING_VERSION = 1.0;
				PRODUCT_BUNDLE_IDENTIFIER = "kr.sungho-lee.Prinics";
				PRODUCT_NAME = "$(TARGET_NAME)";
				SWIFT_EMIT_LOC_STRINGS = YES;
				SWIFT_VERSION = 5.0;
				TARGETED_DEVICE_FAMILY = 1;
			};
			name = Debug;
		};
		CB6ECEB327F9283B00890BB6 /* Release */ = {
			isa = XCBuildConfiguration;
			baseConfigurationReference = 33518F6FDE2D771A0292F0D3 /* Pods-Prinics.release.xcconfig */;
			buildSettings = {
				ASSETCATALOG_COMPILER_APPICON_NAME = AppIcon;
				ASSETCATALOG_COMPILER_GLOBAL_ACCENT_COLOR_NAME = AccentColor;
				CODE_SIGN_ENTITLEMENTS = Prinics/Prinics.entitlements;
				CODE_SIGN_STYLE = Automatic;
				CURRENT_PROJECT_VERSION = 1;
				DEVELOPMENT_TEAM = 8R7ZBDYA84;
				GENERATE_INFOPLIST_FILE = YES;
				INFOPLIST_FILE = Prinics/Info.plist;
				INFOPLIST_KEY_UIApplicationSupportsIndirectInputEvents = YES;
				INFOPLIST_KEY_UILaunchStoryboardName = LaunchScreen;
				INFOPLIST_KEY_UIMainStoryboardFile = Main;
				INFOPLIST_KEY_UISupportedInterfaceOrientations = UIInterfaceOrientationPortrait;
				INFOPLIST_KEY_UISupportedInterfaceOrientations_iPad = "UIInterfaceOrientationPortrait UIInterfaceOrientationPortraitUpsideDown UIInterfaceOrientationLandscapeLeft UIInterfaceOrientationLandscapeRight";
				INFOPLIST_KEY_UISupportedInterfaceOrientations_iPhone = UIInterfaceOrientationPortrait;
				LD_RUNPATH_SEARCH_PATHS = (
					"$(inherited)",
					"@executable_path/Frameworks",
				);
				MARKETING_VERSION = 1.0;
				PRODUCT_BUNDLE_IDENTIFIER = "kr.sungho-lee.Prinics";
				PRODUCT_NAME = "$(TARGET_NAME)";
				SWIFT_EMIT_LOC_STRINGS = YES;
				SWIFT_VERSION = 5.0;
				TARGETED_DEVICE_FAMILY = 1;
			};
			name = Release;
		};
/* End XCBuildConfiguration section */

/* Begin XCConfigurationList section */
		CB6ECE9827F9283800890BB6 /* Build configuration list for PBXProject "Prinics" */ = {
			isa = XCConfigurationList;
			buildConfigurations = (
				CB6ECEAF27F9283B00890BB6 /* Debug */,
				CB6ECEB027F9283B00890BB6 /* Release */,
			);
			defaultConfigurationIsVisible = 0;
			defaultConfigurationName = Release;
		};
		CB6ECEB127F9283B00890BB6 /* Build configuration list for PBXNativeTarget "Prinics" */ = {
			isa = XCConfigurationList;
			buildConfigurations = (
				CB6ECEB227F9283B00890BB6 /* Debug */,
				CB6ECEB327F9283B00890BB6 /* Release */,
			);
			defaultConfigurationIsVisible = 0;
			defaultConfigurationName = Release;
		};
/* End XCConfigurationList section */
	};
	rootObject = CB6ECE9527F9283800890BB6 /* Project object */;
}
